// !$*UTF8*$!
{
	archiveVersion = 1;
	classes = {
	};
	objectVersion = 48;
	objects = {

/* Begin PBXBuildFile section */
		6E398FDA1F1F553B0020DE95 /* AppDelegate.swift in Sources */ = {isa = PBXBuildFile; fileRef = 6E398FD91F1F553B0020DE95 /* AppDelegate.swift */; };
		6E398FDC1F1F553B0020DE95 /* ViewController.swift in Sources */ = {isa = PBXBuildFile; fileRef = 6E398FDB1F1F553B0020DE95 /* ViewController.swift */; };
		6E398FDF1F1F553B0020DE95 /* Main.storyboard in Resources */ = {isa = PBXBuildFile; fileRef = 6E398FDD1F1F553B0020DE95 /* Main.storyboard */; };
		6E398FE21F1F553B0020DE95 /* slider.xcdatamodeld in Sources */ = {isa = PBXBuildFile; fileRef = 6E398FE01F1F553B0020DE95 /* slider.xcdatamodeld */; };
		6E398FE41F1F553B0020DE95 /* Assets.xcassets in Resources */ = {isa = PBXBuildFile; fileRef = 6E398FE31F1F553B0020DE95 /* Assets.xcassets */; };
		6E398FE71F1F553B0020DE95 /* LaunchScreen.storyboard in Resources */ = {isa = PBXBuildFile; fileRef = 6E398FE51F1F553B0020DE95 /* LaunchScreen.storyboard */; };
/* End PBXBuildFile section */

/* Begin PBXFileReference section */
		6E398FD61F1F553B0020DE95 /* slider.app */ = {isa = PBXFileReference; explicitFileType = wrapper.application; includeInIndex = 0; path = slider.app; sourceTree = BUILT_PRODUCTS_DIR; };
		6E398FD91F1F553B0020DE95 /* AppDelegate.swift */ = {isa = PBXFileReference; lastKnownFileType = sourcecode.swift; path = AppDelegate.swift; sourceTree = "<group>"; };
		6E398FDB1F1F553B0020DE95 /* ViewController.swift */ = {isa = PBXFileReference; lastKnownFileType = sourcecode.swift; path = ViewController.swift; sourceTree = "<group>"; };
		6E398FDE1F1F553B0020DE95 /* Base */ = {isa = PBXFileReference; lastKnownFileType = file.storyboard; name = Base; path = Base.lproj/Main.storyboard; sourceTree = "<group>"; };
		6E398FE11F1F553B0020DE95 /* slider.xcdatamodel */ = {isa = PBXFileReference; lastKnownFileType = wrapper.xcdatamodel; path = slider.xcdatamodel; sourceTree = "<group>"; };
		6E398FE31F1F553B0020DE95 /* Assets.xcassets */ = {isa = PBXFileReference; lastKnownFileType = folder.assetcatalog; path = Assets.xcassets; sourceTree = "<group>"; };
		6E398FE61F1F553B0020DE95 /* Base */ = {isa = PBXFileReference; lastKnownFileType = file.storyboard; name = Base; path = Base.lproj/LaunchScreen.storyboard; sourceTree = "<group>"; };
		6E398FE81F1F553B0020DE95 /* Info.plist */ = {isa = PBXFileReference; lastKnownFileType = text.plist.xml; path = Info.plist; sourceTree = "<group>"; };
		6E398FF11F1F553B0020DE95 /* sliderTests.swift */ = {isa = PBXFileReference; lastKnownFileType = sourcecode.swift; path = sliderTests.swift; sourceTree = "<group>"; };
		6E398FF31F1F553B0020DE95 /* Info.plist */ = {isa = PBXFileReference; lastKnownFileType = text.plist.xml; path = Info.plist; sourceTree = "<group>"; };
		6E398FFC1F1F553B0020DE95 /* sliderUITests.swift */ = {isa = PBXFileReference; lastKnownFileType = sourcecode.swift; path = sliderUITests.swift; sourceTree = "<group>"; };
		6E398FFE1F1F553B0020DE95 /* Info.plist */ = {isa = PBXFileReference; lastKnownFileType = text.plist.xml; path = Info.plist; sourceTree = "<group>"; };
/* End PBXFileReference section */

/* Begin PBXFrameworksBuildPhase section */
		6E398FD31F1F553B0020DE95 /* Frameworks */ = {
			isa = PBXFrameworksBuildPhase;
			buildActionMask = 2147483647;
			files = (
			);
			runOnlyForDeploymentPostprocessing = 0;
		};
/* End PBXFrameworksBuildPhase section */

/* Begin PBXGroup section */
		6E398FCD1F1F553B0020DE95 = {
			isa = PBXGroup;
			children = (
				6E398FD81F1F553B0020DE95 /* slider */,
				6E398FF01F1F553B0020DE95 /* sliderTests */,
				6E398FFB1F1F553B0020DE95 /* sliderUITests */,
				6E398FD71F1F553B0020DE95 /* Products */,
			);
			sourceTree = "<group>";
		};
		6E398FD71F1F553B0020DE95 /* Products */ = {
			isa = PBXGroup;
			children = (
				6E398FD61F1F553B0020DE95 /* slider.app */,
			);
			name = Products;
			sourceTree = "<group>";
		};
		6E398FD81F1F553B0020DE95 /* slider */ = {
			isa = PBXGroup;
			children = (
				6E398FD91F1F553B0020DE95 /* AppDelegate.swift */,
				6E398FDB1F1F553B0020DE95 /* ViewController.swift */,
				6E398FDD1F1F553B0020DE95 /* Main.storyboard */,
				6E398FE31F1F553B0020DE95 /* Assets.xcassets */,
				6E398FE51F1F553B0020DE95 /* LaunchScreen.storyboard */,
				6E398FE81F1F553B0020DE95 /* Info.plist */,
				6E398FE01F1F553B0020DE95 /* slider.xcdatamodeld */,
			);
			path = slider;
			sourceTree = "<group>";
		};
		6E398FF01F1F553B0020DE95 /* sliderTests */ = {
			isa = PBXGroup;
			children = (
				6E398FF11F1F553B0020DE95 /* sliderTests.swift */,
				6E398FF31F1F553B0020DE95 /* Info.plist */,
			);
			path = sliderTests;
			sourceTree = "<group>";
		};
		6E398FFB1F1F553B0020DE95 /* sliderUITests */ = {
			isa = PBXGroup;
			children = (
				6E398FFC1F1F553B0020DE95 /* sliderUITests.swift */,
				6E398FFE1F1F553B0020DE95 /* Info.plist */,
			);
			path = sliderUITests;
			sourceTree = "<group>";
		};
/* End PBXGroup section */

/* Begin PBXNativeTarget section */
		6E398FD51F1F553B0020DE95 /* slider */ = {
			isa = PBXNativeTarget;
			buildConfigurationList = 6E3990011F1F553B0020DE95 /* Build configuration list for PBXNativeTarget "slider" */;
			buildPhases = (
				6E398FD21F1F553B0020DE95 /* Sources */,
				6E398FD31F1F553B0020DE95 /* Frameworks */,
				6E398FD41F1F553B0020DE95 /* Resources */,
			);
			buildRules = (
			);
			dependencies = (
			);
			name = slider;
			productName = slider;
			productReference = 6E398FD61F1F553B0020DE95 /* slider.app */;
			productType = "com.apple.product-type.application";
		};
/* End PBXNativeTarget section */

/* Begin PBXProject section */
		6E398FCE1F1F553B0020DE95 /* Project object */ = {
			isa = PBXProject;
			attributes = {
				LastSwiftUpdateCheck = 0900;
				LastUpgradeCheck = 0900;
				ORGANIZATIONNAME = "Giuseppe Capoluongo";
				TargetAttributes = {
					6E398FD51F1F553B0020DE95 = {
						CreatedOnToolsVersion = 9.0;
						LastSwiftMigration = 0830;
					};
				};
			};
			buildConfigurationList = 6E398FD11F1F553B0020DE95 /* Build configuration list for PBXProject "slider" */;
			compatibilityVersion = "Xcode 8.0";
			developmentRegion = en;
			hasScannedForEncodings = 0;
			knownRegions = (
				en,
				Base,
			);
			mainGroup = 6E398FCD1F1F553B0020DE95;
			productRefGroup = 6E398FD71F1F553B0020DE95 /* Products */;
			projectDirPath = "";
			projectRoot = "";
			targets = (
				6E398FD51F1F553B0020DE95 /* slider */,
			);
		};
/* End PBXProject section */

/* Begin PBXResourcesBuildPhase section */
		6E398FD41F1F553B0020DE95 /* Resources */ = {
			isa = PBXResourcesBuildPhase;
			buildActionMask = 2147483647;
			files = (
				6E398FE71F1F553B0020DE95 /* LaunchScreen.storyboard in Resources */,
				6E398FE41F1F553B0020DE95 /* Assets.xcassets in Resources */,
				6E398FDF1F1F553B0020DE95 /* Main.storyboard in Resources */,
			);
			runOnlyForDeploymentPostprocessing = 0;
		};
/* End PBXResourcesBuildPhase section */

/* Begin PBXSourcesBuildPhase section */
		6E398FD21F1F553B0020DE95 /* Sources */ = {
			isa = PBXSourcesBuildPhase;
			buildActionMask = 2147483647;
			files = (
				6E398FE21F1F553B0020DE95 /* slider.xcdatamodeld in Sources */,
				6E398FDC1F1F553B0020DE95 /* ViewController.swift in Sources */,
				6E398FDA1F1F553B0020DE95 /* AppDelegate.swift in Sources */,
			);
			runOnlyForDeploymentPostprocessing = 0;
		};
/* End PBXSourcesBuildPhase section */

/* Begin PBXVariantGroup section */
		6E398FDD1F1F553B0020DE95 /* Main.storyboard */ = {
			isa = PBXVariantGroup;
			children = (
				6E398FDE1F1F553B0020DE95 /* Base */,
			);
			name = Main.storyboard;
			sourceTree = "<group>";
		};
		6E398FE51F1F553B0020DE95 /* LaunchScreen.storyboard */ = {
			isa = PBXVariantGroup;
			children = (
				6E398FE61F1F553B0020DE95 /* Base */,
			);
			name = LaunchScreen.storyboard;
			sourceTree = "<group>";
		};
/* End PBXVariantGroup section */

/* Begin XCBuildConfiguration section */
		6E398FFF1F1F553B0020DE95 /* Debug */ = {
			isa = XCBuildConfiguration;
			buildSettings = {
				ALWAYS_SEARCH_USER_PATHS = NO;
				CLANG_ANALYZER_NONNULL = YES;
				CLANG_ANALYZER_NUMBER_OBJECT_CONVERSION = YES_AGGRESSIVE;
				CLANG_CXX_LANGUAGE_STANDARD = "gnu++14";
				CLANG_CXX_LIBRARY = "libc++";
				CLANG_ENABLE_MODULES = YES;
				CLANG_ENABLE_OBJC_ARC = YES;
				CLANG_WARN_BLOCK_CAPTURE_AUTORELEASING = YES;
				CLANG_WARN_BOOL_CONVERSION = YES;
				CLANG_WARN_COMMA = YES;
				CLANG_WARN_CONSTANT_CONVERSION = YES;
				CLANG_WARN_DIRECT_OBJC_ISA_USAGE = YES_ERROR;
				CLANG_WARN_DOCUMENTATION_COMMENTS = YES;
				CLANG_WARN_EMPTY_BODY = YES;
				CLANG_WARN_ENUM_CONVERSION = YES;
				CLANG_WARN_INFINITE_RECURSION = YES;
				CLANG_WARN_INT_CONVERSION = YES;
				CLANG_WARN_NON_LITERAL_NULL_CONVERSION = YES;
				CLANG_WARN_OBJC_LITERAL_CONVERSION = YES;
				CLANG_WARN_OBJC_ROOT_CLASS = YES_ERROR;
				CLANG_WARN_RANGE_LOOP_ANALYSIS = YES;
				CLANG_WARN_STRICT_PROTOTYPES = YES;
				CLANG_WARN_SUSPICIOUS_MOVE = YES;
				CLANG_WARN_UNGUARDED_AVAILABILITY = YES_AGGRESSIVE;
				CLANG_WARN_UNREACHABLE_CODE = YES;
				CLANG_WARN__DUPLICATE_METHOD_MATCH = YES;
				CODE_SIGN_IDENTITY = "iPhone Developer";
				COPY_PHASE_STRIP = NO;
				DEBUG_INFORMATION_FORMAT = dwarf;
				ENABLE_STRICT_OBJC_MSGSEND = YES;
				ENABLE_TESTABILITY = YES;
				GCC_C_LANGUAGE_STANDARD = gnu11;
				GCC_DYNAMIC_NO_PIC = NO;
				GCC_NO_COMMON_BLOCKS = YES;
				GCC_OPTIMIZATION_LEVEL = 0;
				GCC_PREPROCESSOR_DEFINITIONS = (
					"DEBUG=1",
					"$(inherited)",
				);
				GCC_WARN_64_TO_32_BIT_CONVERSION = YES;
				GCC_WARN_ABOUT_RETURN_TYPE = YES_ERROR;
				GCC_WARN_UNDECLARED_SELECTOR = YES;
				GCC_WARN_UNINITIALIZED_AUTOS = YES_AGGRESSIVE;
				GCC_WARN_UNUSED_FUNCTION = YES;
				GCC_WARN_UNUSED_VARIABLE = YES;
				IPHONEOS_DEPLOYMENT_TARGET = 11.0;
				MTL_ENABLE_DEBUG_INFO = YES;
				ONLY_ACTIVE_ARCH = YES;
				SDKROOT = iphoneos;
				SWIFT_ACTIVE_COMPILATION_CONDITIONS = DEBUG;
				SWIFT_OPTIMIZATION_LEVEL = "-Onone";
			};
			name = Debug;
		};
		6E3990001F1F553B0020DE95 /* Release */ = {
			isa = XCBuildConfiguration;
			buildSettings = {
				ALWAYS_SEARCH_USER_PATHS = NO;
				CLANG_ANALYZER_NONNULL = YES;
				CLANG_ANALYZER_NUMBER_OBJECT_CONVERSION = YES_AGGRESSIVE;
				CLANG_CXX_LANGUAGE_STANDARD = "gnu++14";
				CLANG_CXX_LIBRARY = "libc++";
				CLANG_ENABLE_MODULES = YES;
				CLANG_ENABLE_OBJC_ARC = YES;
				CLANG_WARN_BLOCK_CAPTURE_AUTORELEASING = YES;
				CLANG_WARN_BOOL_CONVERSION = YES;
				CLANG_WARN_COMMA = YES;
				CLANG_WARN_CONSTANT_CONVERSION = YES;
				CLANG_WARN_DIRECT_OBJC_ISA_USAGE = YES_ERROR;
				CLANG_WARN_DOCUMENTATION_COMMENTS = YES;
				CLANG_WARN_EMPTY_BODY = YES;
				CLANG_WARN_ENUM_CONVERSION = YES;
				CLANG_WARN_INFINITE_RECURSION = YES;
				CLANG_WARN_INT_CONVERSION = YES;
				CLANG_WARN_NON_LITERAL_NULL_CONVERSION = YES;
				CLANG_WARN_OBJC_LITERAL_CONVERSION = YES;
				CLANG_WARN_OBJC_ROOT_CLASS = YES_ERROR;
				CLANG_WARN_RANGE_LOOP_ANALYSIS = YES;
				CLANG_WARN_STRICT_PROTOTYPES = YES;
				CLANG_WARN_SUSPICIOUS_MOVE = YES;
				CLANG_WARN_UNGUARDED_AVAILABILITY = YES_AGGRESSIVE;
				CLANG_WARN_UNREACHABLE_CODE = YES;
				CLANG_WARN__DUPLICATE_METHOD_MATCH = YES;
				CODE_SIGN_IDENTITY = "iPhone Developer";
				COPY_PHASE_STRIP = NO;
				DEBUG_INFORMATION_FORMAT = "dwarf-with-dsym";
				ENABLE_NS_ASSERTIONS = NO;
				ENABLE_STRICT_OBJC_MSGSEND = YES;
				GCC_C_LANGUAGE_STANDARD = gnu11;
				GCC_NO_COMMON_BLOCKS = YES;
				GCC_WARN_64_TO_32_BIT_CONVERSION = YES;
				GCC_WARN_ABOUT_RETURN_TYPE = YES_ERROR;
				GCC_WARN_UNDECLARED_SELECTOR = YES;
				GCC_WARN_UNINITIALIZED_AUTOS = YES_AGGRESSIVE;
				GCC_WARN_UNUSED_FUNCTION = YES;
				GCC_WARN_UNUSED_VARIABLE = YES;
				IPHONEOS_DEPLOYMENT_TARGET = 11.0;
				MTL_ENABLE_DEBUG_INFO = NO;
				SDKROOT = iphoneos;
				SWIFT_OPTIMIZATION_LEVEL = "-Owholemodule";
				VALIDATE_PRODUCT = YES;
			};
			name = Release;
		};
		6E3990021F1F553B0020DE95 /* Debug */ = {
			isa = XCBuildConfiguration;
			buildSettings = {
				ASSETCATALOG_COMPILER_APPICON_NAME = AppIcon;
				DEVELOPMENT_TEAM = B9BCZ2PF26;
				INFOPLIST_FILE = slider/Info.plist;
				IPHONEOS_DEPLOYMENT_TARGET = 10.0;
				LD_RUNPATH_SEARCH_PATHS = "$(inherited) @executable_path/Frameworks";
				PRODUCT_BUNDLE_IDENTIFIER = giusecapo.slider;
				PRODUCT_NAME = "$(TARGET_NAME)";
				SWIFT_VERSION = 3.0;
				TARGETED_DEVICE_FAMILY = "1,2";
			};
			name = Debug;
		};
		6E3990031F1F553B0020DE95 /* Release */ = {
			isa = XCBuildConfiguration;
			buildSettings = {
				ASSETCATALOG_COMPILER_APPICON_NAME = AppIcon;
				DEVELOPMENT_TEAM = B9BCZ2PF26;
				INFOPLIST_FILE = slider/Info.plist;
				IPHONEOS_DEPLOYMENT_TARGET = 10.0;
				LD_RUNPATH_SEARCH_PATHS = "$(inherited) @executable_path/Frameworks";
				PRODUCT_BUNDLE_IDENTIFIER = giusecapo.slider;
				PRODUCT_NAME = "$(TARGET_NAME)";
				SWIFT_VERSION = 3.0;
				TARGETED_DEVICE_FAMILY = "1,2";
			};
			name = Release;
		};
/* End XCBuildConfiguration section */

/* Begin XCConfigurationList section */
		6E398FD11F1F553B0020DE95 /* Build configuration list for PBXProject "slider" */ = {
			isa = XCConfigurationList;
			buildConfigurations = (
				6E398FFF1F1F553B0020DE95 /* Debug */,
				6E3990001F1F553B0020DE95 /* Release */,
			);
			defaultConfigurationIsVisible = 0;
			defaultConfigurationName = Release;
		};
		6E3990011F1F553B0020DE95 /* Build configuration list for PBXNativeTarget "slider" */ = {
			isa = XCConfigurationList;
			buildConfigurations = (
				6E3990021F1F553B0020DE95 /* Debug */,
				6E3990031F1F553B0020DE95 /* Release */,
			);
			defaultConfigurationIsVisible = 0;
			defaultConfigurationName = Release;
		};
/* End XCConfigurationList section */

/* Begin XCVersionGroup section */
		6E398FE01F1F553B0020DE95 /* slider.xcdatamodeld */ = {
			isa = XCVersionGroup;
			children = (
				6E398FE11F1F553B0020DE95 /* slider.xcdatamodel */,
			);
			currentVersion = 6E398FE11F1F553B0020DE95 /* slider.xcdatamodel */;
			path = slider.xcdatamodeld;
			sourceTree = "<group>";
			versionGroupType = wrapper.xcdatamodel;
		};
/* End XCVersionGroup section */
	};
	rootObject = 6E398FCE1F1F553B0020DE95 /* Project object */;
}
